# This file was autogenerated by Stack.
# You should not edit this file by hand.
# For more information, please see the documentation at:
#   https://docs.haskellstack.org/en/stable/lock_files

packages:
- completed:
    hackage: graphviz-2999.20.0.3@sha256:cde383c356bc41136ed53cd27e0800f46dbd2185600dd0de18d66d5c49739d94,7677
    pantry-tree:
      size: 4322
      sha256: f7d9f7e161d68a5783d915358c28a95a2b8c94f3e302325fa604b91e8d2295c8
  original:
    hackage: graphviz-2999.20.0.3
snapshots:
- completed:
    size: 525663
    url: https://raw.githubusercontent.com/commercialhaskell/stackage-snapshots/master/lts/14/14.yaml
    sha256: 6edc48df46eb8bf7b861e98dd30d021a92c2e1820c9bb6528aac5d997b0e14ef
  original: lts-14.14
